
Microsoft Visual Studio Solution File, Format Version 12.00
# Visual Studio Version 17
VisualStudioVersion = 17.14.36327.8 d17.14
MinimumVisualStudioVersion = 10.0.40219.1
Project("{2150E333-8FDC-42A3-9474-1A3956D46DE8}") = "API", "API", "{02EA681E-C7D8-13C7-8484-4AC65E1B71E8}"
EndProject
Project("{2150E333-8FDC-42A3-9474-1A3956D46DE8}") = "Application", "Application", "{139349FD-32CD-45DE-A2D2-F18E4DA8E628}"
EndProject
Project("{2150E333-8FDC-42A3-9474-1A3956D46DE8}") = "Core", "Core", "{1764CFC2-7282-4014-BDF5-39EAC2F05ADE}"
EndProject
Project("{2150E333-8FDC-42A3-9474-1A3956D46DE8}") = "Infrastructure", "Infrastructure", "{26798BE1-6BD6-4AAD-AC5A-C48C90E39137}"
EndProject
Project("{2150E333-8FDC-42A3-9474-1A3956D46DE8}") = "IOC", "IOC", "{F4C88D72-FD71-4CBA-A3E4-39CC4150B604}"
EndProject
Project("{2150E333-8FDC-42A3-9474-1A3956D46DE8}") = "Test", "Test", "{156DB8A0-116D-464D-BA61-1212E78A766F}"
EndProject
Project("{2150E333-8FDC-42A3-9474-1A3956D46DE8}") = "Web", "Web", "{18D5BD77-180F-42FC-AB41-8A5604F777D9}"
EndProject
Project("{FAE04EC0-301F-11D3-BF4B-00C04F79EFBC}") = "SGA.Domain", "SGA.Domain\SGA.Domain.csproj", "{7667929F-AFF6-4E6F-AB02-C4917F73C314}"
EndProject
Project("{FAE04EC0-301F-11D3-BF4B-00C04F79EFBC}") = "SGA.Infrastructure", "SGA.Infrastructure\SGA.Infrastructure.csproj", "{DE4CD507-1469-4ED1-BE3C-479F97AEAE0F}"
EndProject
Project("{FAE04EC0-301F-11D3-BF4B-00C04F79EFBC}") = "SGA.Persistence", "SGA.Persistence\SGA.Persistence.csproj", "{F100654A-A4D7-4238-94FA-BF636FD4B921}"
EndProject
Project("{FAE04EC0-301F-11D3-BF4B-00C04F79EFBC}") = "SG.IOC", "SG.IOC\SG.IOC.csproj", "{BE930990-B1ED-404C-9471-C9EE08C63D4E}"
EndProject
Project("{FAE04EC0-301F-11D3-BF4B-00C04F79EFBC}") = "SGA.Api", "SGA.Api\SGA.Api.csproj", "{FCE249C0-FF42-41B0-9124-CC823F6A1ED4}"
EndProject
Project("{FAE04EC0-301F-11D3-BF4B-00C04F79EFBC}") = "SGA.Persistence.Test", "SGA.Persistence.Test\SGA.Persistence.Test.csproj", "{D24C11A8-9727-4A67-A192-613DB98B3F0F}"
EndProject
Project("{FAE04EC0-301F-11D3-BF4B-00C04F79EFBC}") = "SGA.Application.Test", "SGA.Application.Test\SGA.Application.Test.csproj", "{75988199-D787-4D05-A474-6E6C924F90AA}"
EndProject
Project("{FAE04EC0-301F-11D3-BF4B-00C04F79EFBC}") = "SGA.Web", "SGA.Web\SGA.Web.csproj", "{F0C9CCAC-B07F-4587-9E44-63704FA2B365}"
EndProject
Project("{FAE04EC0-301F-11D3-BF4B-00C04F79EFBC}") = "SGA.Application", "SGA.Application\SGA.Application.csproj", "{009892FF-F199-4F89-8FAC-80CCC2CA7991}"
EndProject
Global
	GlobalSection(SolutionConfigurationPlatforms) = preSolution
		Debug|Any CPU = Debug|Any CPU
		Release|Any CPU = Release|Any CPU
	EndGlobalSection
	GlobalSection(ProjectConfigurationPlatforms) = postSolution
		{7667929F-AFF6-4E6F-AB02-C4917F73C314}.Debug|Any CPU.ActiveCfg = Debug|Any CPU
		{7667929F-AFF6-4E6F-AB02-C4917F73C314}.Debug|Any CPU.Build.0 = Debug|Any CPU
		{7667929F-AFF6-4E6F-AB02-C4917F73C314}.Release|Any CPU.ActiveCfg = Release|Any CPU
		{7667929F-AFF6-4E6F-AB02-C4917F73C314}.Release|Any CPU.Build.0 = Release|Any CPU
		{DE4CD507-1469-4ED1-BE3C-479F97AEAE0F}.Debug|Any CPU.ActiveCfg = Debug|Any CPU
		{DE4CD507-1469-4ED1-BE3C-479F97AEAE0F}.Debug|Any CPU.Build.0 = Debug|Any CPU
		{DE4CD507-1469-4ED1-BE3C-479F97AEAE0F}.Release|Any CPU.ActiveCfg = Release|Any CPU
		{DE4CD507-1469-4ED1-BE3C-479F97AEAE0F}.Release|Any CPU.Build.0 = Release|Any CPU
		{F100654A-A4D7-4238-94FA-BF636FD4B921}.Debug|Any CPU.ActiveCfg = Debug|Any CPU
		{F100654A-A4D7-4238-94FA-BF636FD4B921}.Debug|Any CPU.Build.0 = Debug|Any CPU
		{F100654A-A4D7-4238-94FA-BF636FD4B921}.Release|Any CPU.ActiveCfg = Release|Any CPU
		{F100654A-A4D7-4238-94FA-BF636FD4B921}.Release|Any CPU.Build.0 = Release|Any CPU
		{BE930990-B1ED-404C-9471-C9EE08C63D4E}.Debug|Any CPU.ActiveCfg = Debug|Any CPU
		{BE930990-B1ED-404C-9471-C9EE08C63D4E}.Debug|Any CPU.Build.0 = Debug|Any CPU
		{BE930990-B1ED-404C-9471-C9EE08C63D4E}.Release|Any CPU.ActiveCfg = Release|Any CPU
		{BE930990-B1ED-404C-9471-C9EE08C63D4E}.Release|Any CPU.Build.0 = Release|Any CPU
		{FCE249C0-FF42-41B0-9124-CC823F6A1ED4}.Debug|Any CPU.ActiveCfg = Debug|Any CPU
		{FCE249C0-FF42-41B0-9124-CC823F6A1ED4}.Debug|Any CPU.Build.0 = Debug|Any CPU
		{FCE249C0-FF42-41B0-9124-CC823F6A1ED4}.Release|Any CPU.ActiveCfg = Release|Any CPU
		{FCE249C0-FF42-41B0-9124-CC823F6A1ED4}.Release|Any CPU.Build.0 = Release|Any CPU
		{D24C11A8-9727-4A67-A192-613DB98B3F0F}.Debug|Any CPU.ActiveCfg = Debug|Any CPU
		{D24C11A8-9727-4A67-A192-613DB98B3F0F}.Debug|Any CPU.Build.0 = Debug|Any CPU
		{D24C11A8-9727-4A67-A192-613DB98B3F0F}.Release|Any CPU.ActiveCfg = Release|Any CPU
		{D24C11A8-9727-4A67-A192-613DB98B3F0F}.Release|Any CPU.Build.0 = Release|Any CPU
		{75988199-D787-4D05-A474-6E6C924F90AA}.Debug|Any CPU.ActiveCfg = Debug|Any CPU
		{75988199-D787-4D05-A474-6E6C924F90AA}.Debug|Any CPU.Build.0 = Debug|Any CPU
		{75988199-D787-4D05-A474-6E6C924F90AA}.Release|Any CPU.ActiveCfg = Release|Any CPU
		{75988199-D787-4D05-A474-6E6C924F90AA}.Release|Any CPU.Build.0 = Release|Any CPU
		{F0C9CCAC-B07F-4587-9E44-63704FA2B365}.Debug|Any CPU.ActiveCfg = Debug|Any CPU
		{F0C9CCAC-B07F-4587-9E44-63704FA2B365}.Debug|Any CPU.Build.0 = Debug|Any CPU
		{F0C9CCAC-B07F-4587-9E44-63704FA2B365}.Release|Any CPU.ActiveCfg = Release|Any CPU
		{F0C9CCAC-B07F-4587-9E44-63704FA2B365}.Release|Any CPU.Build.0 = Release|Any CPU
		{009892FF-F199-4F89-8FAC-80CCC2CA7991}.Debug|Any CPU.ActiveCfg = Debug|Any CPU
		{009892FF-F199-4F89-8FAC-80CCC2CA7991}.Debug|Any CPU.Build.0 = Debug|Any CPU
		{009892FF-F199-4F89-8FAC-80CCC2CA7991}.Release|Any CPU.ActiveCfg = Release|Any CPU
		{009892FF-F199-4F89-8FAC-80CCC2CA7991}.Release|Any CPU.Build.0 = Release|Any CPU
	EndGlobalSection
	GlobalSection(SolutionProperties) = preSolution
		HideSolutionNode = FALSE
	EndGlobalSection
	GlobalSection(NestedProjects) = preSolution
		{7667929F-AFF6-4E6F-AB02-C4917F73C314} = {1764CFC2-7282-4014-BDF5-39EAC2F05ADE}
		{DE4CD507-1469-4ED1-BE3C-479F97AEAE0F} = {26798BE1-6BD6-4AAD-AC5A-C48C90E39137}
		{F100654A-A4D7-4238-94FA-BF636FD4B921} = {26798BE1-6BD6-4AAD-AC5A-C48C90E39137}
		{BE930990-B1ED-404C-9471-C9EE08C63D4E} = {F4C88D72-FD71-4CBA-A3E4-39CC4150B604}
		{FCE249C0-FF42-41B0-9124-CC823F6A1ED4} = {02EA681E-C7D8-13C7-8484-4AC65E1B71E8}
		{D24C11A8-9727-4A67-A192-613DB98B3F0F} = {156DB8A0-116D-464D-BA61-1212E78A766F}
		{75988199-D787-4D05-A474-6E6C924F90AA} = {156DB8A0-116D-464D-BA61-1212E78A766F}
		{F0C9CCAC-B07F-4587-9E44-63704FA2B365} = {18D5BD77-180F-42FC-AB41-8A5604F777D9}
		{009892FF-F199-4F89-8FAC-80CCC2CA7991} = {139349FD-32CD-45DE-A2D2-F18E4DA8E628}
	EndGlobalSection
	GlobalSection(ExtensibilityGlobals) = postSolution
		SolutionGuid = {2A7718C0-75B2-4A74-9BAC-89993780F33F}
	EndGlobalSection
EndGlobal
