
Microsoft Visual Studio Solution File, Format Version 12.00
# Visual Studio Version 17
VisualStudioVersion = 17.0.31903.59
MinimumVisualStudioVersion = 10.0.40219.1
Project("{2150E333-8FDC-42A3-9474-1A3956D46DE8}") = "Core", "Core", "{FBF56CC3-7AE6-AD2D-3F14-7F97FD322CD6}"
EndProject
Project("{FAE04EC0-301F-11D3-BF4B-00C04F79EFBC}") = "SIGEBI.Domain", "Core\SIGEBI.Domain\SIGEBI.Domain.csproj", "{A66DDFCF-4815-47D6-8503-92A94F798D0D}"
EndProject
Project("{2150E333-8FDC-42A3-9474-1A3956D46DE8}") = "Application", "Application", "{A74F262E-BDE7-D5D2-89E9-785413424D0A}"
EndProject
Project("{FAE04EC0-301F-11D3-BF4B-00C04F79EFBC}") = "SIGEBI.Business", "Application\SIGEBI.Business\SIGEBI.Business.csproj", "{0BB0E72E-0205-4FEB-9983-2DDEF8B73652}"
EndProject
Project("{2150E333-8FDC-42A3-9474-1A3956D46DE8}") = "Infrastructure", "Infrastructure", "{DFEE68D8-A7D0-1A41-506C-9B74AA9A7B7B}"
EndProject
Project("{FAE04EC0-301F-11D3-BF4B-00C04F79EFBC}") = "SIGEBI.Infrastructure", "Infrastructure\SIGEBI.Infrastructure\SIGEBI.Infrastructure.csproj", "{EEC4B922-4828-4D47-85B2-E91E5C154508}"
EndProject
Project("{FAE04EC0-301F-11D3-BF4B-00C04F79EFBC}") = "SIGEBI.Persistence", "Infrastructure\SIGEBI.Persistence\SIGEBI.Persistence.csproj", "{828A1423-1E38-4614-8D13-96AA1439019B}"
EndProject
Project("{2150E333-8FDC-42A3-9474-1A3956D46DE8}") = "IOC", "IOC", "{F82EFB15-BB14-9D47-D4F3-7B8032CB2006}"
EndProject
Project("{FAE04EC0-301F-11D3-BF4B-00C04F79EFBC}") = "SIGEBI.IOC", "IOC\SIGEBI.IOC\SIGEBI.IOC.csproj", "{85651A76-84D7-4BD7-8913-E3F9988386A8}"
EndProject
Project("{2150E333-8FDC-42A3-9474-1A3956D46DE8}") = "Api", "Api", "{D82C56D6-B2CD-F611-9E31-04638F7EC30E}"
EndProject
Project("{FAE04EC0-301F-11D3-BF4B-00C04F79EFBC}") = "SIGEBI.API", "Api\SIGEBI.API\SIGEBI.API.csproj", "{6B6D79DA-81C6-448A-A89D-B7AF51960854}"
EndProject
Project("{2150E333-8FDC-42A3-9474-1A3956D46DE8}") = "Web", "Web", "{256F4E96-6A73-9ABE-786F-840C672A50F4}"
EndProject
Project("{FAE04EC0-301F-11D3-BF4B-00C04F79EFBC}") = "SIGEBI.Web", "Web\SIGEBI.Web\SIGEBI.Web.csproj", "{46F6FB86-09D1-4E0A-A2B4-6ABCDC4E0371}"
EndProject
Project("{2150E333-8FDC-42A3-9474-1A3956D46DE8}") = "Desktop", "Desktop", "{7A1224A0-F22D-34FF-DE0A-A058FAFFD90C}"
EndProject
Project("{FAE04EC0-301F-11D3-BF4B-00C04F79EFBC}") = "SIGEBI.WPF", "Desktop\SIGEBI.WPF\SIGEBI.WPF.csproj", "{B6604D17-5590-40BF-8B94-07495A98EE0D}"
EndProject
Project("{2150E333-8FDC-42A3-9474-1A3956D46DE8}") = "Test", "Test", "{0C88DD14-F956-CE84-757C-A364CCF449FC}"
EndProject
Project("{FAE04EC0-301F-11D3-BF4B-00C04F79EFBC}") = "SIGEBI.Business.Test", "Test\SIGEBI.Business.Test\SIGEBI.Business.Test.csproj", "{FEAAC514-1FF3-4694-B790-F41667A01CD8}"
EndProject
Project("{FAE04EC0-301F-11D3-BF4B-00C04F79EFBC}") = "SIGEBI.Persistence.Test", "Test\SIGEBI.Persistence.Test\SIGEBI.Persistence.Test.csproj", "{FD78FABD-41A5-4DFA-A98F-D3AF94D0BA86}"
EndProject
Global
	GlobalSection(SolutionConfigurationPlatforms) = preSolution
		Debug|Any CPU = Debug|Any CPU
		Debug|x64 = Debug|x64
		Debug|x86 = Debug|x86
		Release|Any CPU = Release|Any CPU
		Release|x64 = Release|x64
		Release|x86 = Release|x86
	EndGlobalSection
	GlobalSection(ProjectConfigurationPlatforms) = postSolution
		{A66DDFCF-4815-47D6-8503-92A94F798D0D}.Debug|Any CPU.ActiveCfg = Debug|Any CPU
		{A66DDFCF-4815-47D6-8503-92A94F798D0D}.Debug|Any CPU.Build.0 = Debug|Any CPU
		{A66DDFCF-4815-47D6-8503-92A94F798D0D}.Debug|x64.ActiveCfg = Debug|Any CPU
		{A66DDFCF-4815-47D6-8503-92A94F798D0D}.Debug|x64.Build.0 = Debug|Any CPU
		{A66DDFCF-4815-47D6-8503-92A94F798D0D}.Debug|x86.ActiveCfg = Debug|Any CPU
		{A66DDFCF-4815-47D6-8503-92A94F798D0D}.Debug|x86.Build.0 = Debug|Any CPU
		{A66DDFCF-4815-47D6-8503-92A94F798D0D}.Release|Any CPU.ActiveCfg = Release|Any CPU
		{A66DDFCF-4815-47D6-8503-92A94F798D0D}.Release|Any CPU.Build.0 = Release|Any CPU
		{A66DDFCF-4815-47D6-8503-92A94F798D0D}.Release|x64.ActiveCfg = Release|Any CPU
		{A66DDFCF-4815-47D6-8503-92A94F798D0D}.Release|x64.Build.0 = Release|Any CPU
		{A66DDFCF-4815-47D6-8503-92A94F798D0D}.Release|x86.ActiveCfg = Release|Any CPU
		{A66DDFCF-4815-47D6-8503-92A94F798D0D}.Release|x86.Build.0 = Release|Any CPU
		{0BB0E72E-0205-4FEB-9983-2DDEF8B73652}.Debug|Any CPU.ActiveCfg = Debug|Any CPU
		{0BB0E72E-0205-4FEB-9983-2DDEF8B73652}.Debug|Any CPU.Build.0 = Debug|Any CPU
		{0BB0E72E-0205-4FEB-9983-2DDEF8B73652}.Debug|x64.ActiveCfg = Debug|Any CPU
		{0BB0E72E-0205-4FEB-9983-2DDEF8B73652}.Debug|x64.Build.0 = Debug|Any CPU
		{0BB0E72E-0205-4FEB-9983-2DDEF8B73652}.Debug|x86.ActiveCfg = Debug|Any CPU
		{0BB0E72E-0205-4FEB-9983-2DDEF8B73652}.Debug|x86.Build.0 = Debug|Any CPU
		{0BB0E72E-0205-4FEB-9983-2DDEF8B73652}.Release|Any CPU.ActiveCfg = Release|Any CPU
		{0BB0E72E-0205-4FEB-9983-2DDEF8B73652}.Release|Any CPU.Build.0 = Release|Any CPU
		{0BB0E72E-0205-4FEB-9983-2DDEF8B73652}.Release|x64.ActiveCfg = Release|Any CPU
		{0BB0E72E-0205-4FEB-9983-2DDEF8B73652}.Release|x64.Build.0 = Release|Any CPU
		{0BB0E72E-0205-4FEB-9983-2DDEF8B73652}.Release|x86.ActiveCfg = Release|Any CPU
		{0BB0E72E-0205-4FEB-9983-2DDEF8B73652}.Release|x86.Build.0 = Release|Any CPU
		{EEC4B922-4828-4D47-85B2-E91E5C154508}.Debug|Any CPU.ActiveCfg = Debug|Any CPU
		{EEC4B922-4828-4D47-85B2-E91E5C154508}.Debug|Any CPU.Build.0 = Debug|Any CPU
		{EEC4B922-4828-4D47-85B2-E91E5C154508}.Debug|x64.ActiveCfg = Debug|Any CPU
		{EEC4B922-4828-4D47-85B2-E91E5C154508}.Debug|x64.Build.0 = Debug|Any CPU
		{EEC4B922-4828-4D47-85B2-E91E5C154508}.Debug|x86.ActiveCfg = Debug|Any CPU
		{EEC4B922-4828-4D47-85B2-E91E5C154508}.Debug|x86.Build.0 = Debug|Any CPU
		{EEC4B922-4828-4D47-85B2-E91E5C154508}.Release|Any CPU.ActiveCfg = Release|Any CPU
		{EEC4B922-4828-4D47-85B2-E91E5C154508}.Release|Any CPU.Build.0 = Release|Any CPU
		{EEC4B922-4828-4D47-85B2-E91E5C154508}.Release|x64.ActiveCfg = Release|Any CPU
		{EEC4B922-4828-4D47-85B2-E91E5C154508}.Release|x64.Build.0 = Release|Any CPU
		{EEC4B922-4828-4D47-85B2-E91E5C154508}.Release|x86.ActiveCfg = Release|Any CPU
		{EEC4B922-4828-4D47-85B2-E91E5C154508}.Release|x86.Build.0 = Release|Any CPU
		{828A1423-1E38-4614-8D13-96AA1439019B}.Debug|Any CPU.ActiveCfg = Debug|Any CPU
		{828A1423-1E38-4614-8D13-96AA1439019B}.Debug|Any CPU.Build.0 = Debug|Any CPU
		{828A1423-1E38-4614-8D13-96AA1439019B}.Debug|x64.ActiveCfg = Debug|Any CPU
		{828A1423-1E38-4614-8D13-96AA1439019B}.Debug|x64.Build.0 = Debug|Any CPU
		{828A1423-1E38-4614-8D13-96AA1439019B}.Debug|x86.ActiveCfg = Debug|Any CPU
		{828A1423-1E38-4614-8D13-96AA1439019B}.Debug|x86.Build.0 = Debug|Any CPU
		{828A1423-1E38-4614-8D13-96AA1439019B}.Release|Any CPU.ActiveCfg = Release|Any CPU
		{828A1423-1E38-4614-8D13-96AA1439019B}.Release|Any CPU.Build.0 = Release|Any CPU
		{828A1423-1E38-4614-8D13-96AA1439019B}.Release|x64.ActiveCfg = Release|Any CPU
		{828A1423-1E38-4614-8D13-96AA1439019B}.Release|x64.Build.0 = Release|Any CPU
		{828A1423-1E38-4614-8D13-96AA1439019B}.Release|x86.ActiveCfg = Release|Any CPU
		{828A1423-1E38-4614-8D13-96AA1439019B}.Release|x86.Build.0 = Release|Any CPU
		{85651A76-84D7-4BD7-8913-E3F9988386A8}.Debug|Any CPU.ActiveCfg = Debug|Any CPU
		{85651A76-84D7-4BD7-8913-E3F9988386A8}.Debug|Any CPU.Build.0 = Debug|Any CPU
		{85651A76-84D7-4BD7-8913-E3F9988386A8}.Debug|x64.ActiveCfg = Debug|Any CPU
		{85651A76-84D7-4BD7-8913-E3F9988386A8}.Debug|x64.Build.0 = Debug|Any CPU
		{85651A76-84D7-4BD7-8913-E3F9988386A8}.Debug|x86.ActiveCfg = Debug|Any CPU
		{85651A76-84D7-4BD7-8913-E3F9988386A8}.Debug|x86.Build.0 = Debug|Any CPU
		{85651A76-84D7-4BD7-8913-E3F9988386A8}.Release|Any CPU.ActiveCfg = Release|Any CPU
		{85651A76-84D7-4BD7-8913-E3F9988386A8}.Release|Any CPU.Build.0 = Release|Any CPU
		{85651A76-84D7-4BD7-8913-E3F9988386A8}.Release|x64.ActiveCfg = Release|Any CPU
		{85651A76-84D7-4BD7-8913-E3F9988386A8}.Release|x64.Build.0 = Release|Any CPU
		{85651A76-84D7-4BD7-8913-E3F9988386A8}.Release|x86.ActiveCfg = Release|Any CPU
		{85651A76-84D7-4BD7-8913-E3F9988386A8}.Release|x86.Build.0 = Release|Any CPU
		{6B6D79DA-81C6-448A-A89D-B7AF51960854}.Debug|Any CPU.ActiveCfg = Debug|Any CPU
		{6B6D79DA-81C6-448A-A89D-B7AF51960854}.Debug|Any CPU.Build.0 = Debug|Any CPU
		{6B6D79DA-81C6-448A-A89D-B7AF51960854}.Debug|x64.ActiveCfg = Debug|Any CPU
		{6B6D79DA-81C6-448A-A89D-B7AF51960854}.Debug|x64.Build.0 = Debug|Any CPU
		{6B6D79DA-81C6-448A-A89D-B7AF51960854}.Debug|x86.ActiveCfg = Debug|Any CPU
		{6B6D79DA-81C6-448A-A89D-B7AF51960854}.Debug|x86.Build.0 = Debug|Any CPU
		{6B6D79DA-81C6-448A-A89D-B7AF51960854}.Release|Any CPU.ActiveCfg = Release|Any CPU
		{6B6D79DA-81C6-448A-A89D-B7AF51960854}.Release|Any CPU.Build.0 = Release|Any CPU
		{6B6D79DA-81C6-448A-A89D-B7AF51960854}.Release|x64.ActiveCfg = Release|Any CPU
		{6B6D79DA-81C6-448A-A89D-B7AF51960854}.Release|x64.Build.0 = Release|Any CPU
		{6B6D79DA-81C6-448A-A89D-B7AF51960854}.Release|x86.ActiveCfg = Release|Any CPU
		{6B6D79DA-81C6-448A-A89D-B7AF51960854}.Release|x86.Build.0 = Release|Any CPU
		{46F6FB86-09D1-4E0A-A2B4-6ABCDC4E0371}.Debug|Any CPU.ActiveCfg = Debug|Any CPU
		{46F6FB86-09D1-4E0A-A2B4-6ABCDC4E0371}.Debug|Any CPU.Build.0 = Debug|Any CPU
		{46F6FB86-09D1-4E0A-A2B4-6ABCDC4E0371}.Debug|x64.ActiveCfg = Debug|Any CPU
		{46F6FB86-09D1-4E0A-A2B4-6ABCDC4E0371}.Debug|x64.Build.0 = Debug|Any CPU
		{46F6FB86-09D1-4E0A-A2B4-6ABCDC4E0371}.Debug|x86.ActiveCfg = Debug|Any CPU
		{46F6FB86-09D1-4E0A-A2B4-6ABCDC4E0371}.Debug|x86.Build.0 = Debug|Any CPU
		{46F6FB86-09D1-4E0A-A2B4-6ABCDC4E0371}.Release|Any CPU.ActiveCfg = Release|Any CPU
		{46F6FB86-09D1-4E0A-A2B4-6ABCDC4E0371}.Release|Any CPU.Build.0 = Release|Any CPU
		{46F6FB86-09D1-4E0A-A2B4-6ABCDC4E0371}.Release|x64.ActiveCfg = Release|Any CPU
		{46F6FB86-09D1-4E0A-A2B4-6ABCDC4E0371}.Release|x64.Build.0 = Release|Any CPU
		{46F6FB86-09D1-4E0A-A2B4-6ABCDC4E0371}.Release|x86.ActiveCfg = Release|Any CPU
		{46F6FB86-09D1-4E0A-A2B4-6ABCDC4E0371}.Release|x86.Build.0 = Release|Any CPU
		{B6604D17-5590-40BF-8B94-07495A98EE0D}.Debug|Any CPU.ActiveCfg = Debug|Any CPU
		{B6604D17-5590-40BF-8B94-07495A98EE0D}.Debug|Any CPU.Build.0 = Debug|Any CPU
		{B6604D17-5590-40BF-8B94-07495A98EE0D}.Debug|x64.ActiveCfg = Debug|Any CPU
		{B6604D17-5590-40BF-8B94-07495A98EE0D}.Debug|x64.Build.0 = Debug|Any CPU
		{B6604D17-5590-40BF-8B94-07495A98EE0D}.Debug|x86.ActiveCfg = Debug|Any CPU
		{B6604D17-5590-40BF-8B94-07495A98EE0D}.Debug|x86.Build.0 = Debug|Any CPU
		{B6604D17-5590-40BF-8B94-07495A98EE0D}.Release|Any CPU.ActiveCfg = Release|Any CPU
		{B6604D17-5590-40BF-8B94-07495A98EE0D}.Release|Any CPU.Build.0 = Release|Any CPU
		{B6604D17-5590-40BF-8B94-07495A98EE0D}.Release|x64.ActiveCfg = Release|Any CPU
		{B6604D17-5590-40BF-8B94-07495A98EE0D}.Release|x64.Build.0 = Release|Any CPU
		{B6604D17-5590-40BF-8B94-07495A98EE0D}.Release|x86.ActiveCfg = Release|Any CPU
		{B6604D17-5590-40BF-8B94-07495A98EE0D}.Release|x86.Build.0 = Release|Any CPU
		{FEAAC514-1FF3-4694-B790-F41667A01CD8}.Debug|Any CPU.ActiveCfg = Debug|Any CPU
		{FEAAC514-1FF3-4694-B790-F41667A01CD8}.Debug|Any CPU.Build.0 = Debug|Any CPU
		{FEAAC514-1FF3-4694-B790-F41667A01CD8}.Debug|x64.ActiveCfg = Debug|Any CPU
		{FEAAC514-1FF3-4694-B790-F41667A01CD8}.Debug|x64.Build.0 = Debug|Any CPU
		{FEAAC514-1FF3-4694-B790-F41667A01CD8}.Debug|x86.ActiveCfg = Debug|Any CPU
		{FEAAC514-1FF3-4694-B790-F41667A01CD8}.Debug|x86.Build.0 = Debug|Any CPU
		{FEAAC514-1FF3-4694-B790-F41667A01CD8}.Release|Any CPU.ActiveCfg = Release|Any CPU
		{FEAAC514-1FF3-4694-B790-F41667A01CD8}.Release|Any CPU.Build.0 = Release|Any CPU
		{FEAAC514-1FF3-4694-B790-F41667A01CD8}.Release|x64.ActiveCfg = Release|Any CPU
		{FEAAC514-1FF3-4694-B790-F41667A01CD8}.Release|x64.Build.0 = Release|Any CPU
		{FEAAC514-1FF3-4694-B790-F41667A01CD8}.Release|x86.ActiveCfg = Release|Any CPU
		{FEAAC514-1FF3-4694-B790-F41667A01CD8}.Release|x86.Build.0 = Release|Any CPU
		{FD78FABD-41A5-4DFA-A98F-D3AF94D0BA86}.Debug|Any CPU.ActiveCfg = Debug|Any CPU
		{FD78FABD-41A5-4DFA-A98F-D3AF94D0BA86}.Debug|Any CPU.Build.0 = Debug|Any CPU
		{FD78FABD-41A5-4DFA-A98F-D3AF94D0BA86}.Debug|x64.ActiveCfg = Debug|Any CPU
		{FD78FABD-41A5-4DFA-A98F-D3AF94D0BA86}.Debug|x64.Build.0 = Debug|Any CPU
		{FD78FABD-41A5-4DFA-A98F-D3AF94D0BA86}.Debug|x86.ActiveCfg = Debug|Any CPU
		{FD78FABD-41A5-4DFA-A98F-D3AF94D0BA86}.Debug|x86.Build.0 = Debug|Any CPU
		{FD78FABD-41A5-4DFA-A98F-D3AF94D0BA86}.Release|Any CPU.ActiveCfg = Release|Any CPU
		{FD78FABD-41A5-4DFA-A98F-D3AF94D0BA86}.Release|Any CPU.Build.0 = Release|Any CPU
		{FD78FABD-41A5-4DFA-A98F-D3AF94D0BA86}.Release|x64.ActiveCfg = Release|Any CPU
		{FD78FABD-41A5-4DFA-A98F-D3AF94D0BA86}.Release|x64.Build.0 = Release|Any CPU
		{FD78FABD-41A5-4DFA-A98F-D3AF94D0BA86}.Release|x86.ActiveCfg = Release|Any CPU
		{FD78FABD-41A5-4DFA-A98F-D3AF94D0BA86}.Release|x86.Build.0 = Release|Any CPU
	EndGlobalSection
	GlobalSection(SolutionProperties) = preSolution
		HideSolutionNode = FALSE
	EndGlobalSection
	GlobalSection(NestedProjects) = preSolution
		{A66DDFCF-4815-47D6-8503-92A94F798D0D} = {FBF56CC3-7AE6-AD2D-3F14-7F97FD322CD6}
		{0BB0E72E-0205-4FEB-9983-2DDEF8B73652} = {FBF56CC3-7AE6-AD2D-3F14-7F97FD322CD6}
		{EEC4B922-4828-4D47-85B2-E91E5C154508} = {DFEE68D8-A7D0-1A41-506C-9B74AA9A7B7B}
		{828A1423-1E38-4614-8D13-96AA1439019B} = {DFEE68D8-A7D0-1A41-506C-9B74AA9A7B7B}
		{85651A76-84D7-4BD7-8913-E3F9988386A8} = {F82EFB15-BB14-9D47-D4F3-7B8032CB2006}
		{6B6D79DA-81C6-448A-A89D-B7AF51960854} = {D82C56D6-B2CD-F611-9E31-04638F7EC30E}
		{46F6FB86-09D1-4E0A-A2B4-6ABCDC4E0371} = {256F4E96-6A73-9ABE-786F-840C672A50F4}
		{B6604D17-5590-40BF-8B94-07495A98EE0D} = {7A1224A0-F22D-34FF-DE0A-A058FAFFD90C}
		{FEAAC514-1FF3-4694-B790-F41667A01CD8} = {0C88DD14-F956-CE84-757C-A364CCF449FC}
		{FD78FABD-41A5-4DFA-A98F-D3AF94D0BA86} = {0C88DD14-F956-CE84-757C-A364CCF449FC}
	EndGlobalSection
	GlobalSection(ExtensibilityGlobals) = postSolution
		SolutionGuid = {0734CFF7-4AC2-4C15-B427-3D12E4194ED0}
	EndGlobalSection
EndGlobal
